
Microsoft Visual Studio Solution File, Format Version 12.00
# Visual Studio 2012
Project("{FAE04EC0-301F-11D3-BF4B-00C04F79EFBC}") = "WebHelper", "WebHelper\WebHelper.csproj", "{0FE0FCFA-3FF3-4AA4-A920-846087C3812E}"
EndProject
Project("{FAE04EC0-301F-11D3-BF4B-00C04F79EFBC}") = "WebHelper.Tests", "WebHelper.Tests\WebHelper.Tests.csproj", "{94C46775-869F-4BE4-8DF4-6952C07F5FB4}"
EndProject
Global
	GlobalSection(SolutionConfigurationPlatforms) = preSolution
		Debug|Any CPU = Debug|Any CPU
		Release|Any CPU = Release|Any CPU
	EndGlobalSection
	GlobalSection(ProjectConfigurationPlatforms) = postSolution
		{0FE0FCFA-3FF3-4AA4-A920-846087C3812E}.Debug|Any CPU.ActiveCfg = Debug|Any CPU
		{0FE0FCFA-3FF3-4AA4-A920-846087C3812E}.Debug|Any CPU.Build.0 = Debug|Any CPU
		{0FE0FCFA-3FF3-4AA4-A920-846087C3812E}.Release|Any CPU.ActiveCfg = Release|Any CPU
		{0FE0FCFA-3FF3-4AA4-A920-846087C3812E}.Release|Any CPU.Build.0 = Release|Any CPU
		{94C46775-869F-4BE4-8DF4-6952C07F5FB4}.Debug|Any CPU.ActiveCfg = Debug|Any CPU
		{94C46775-869F-4BE4-8DF4-6952C07F5FB4}.Debug|Any CPU.Build.0 = Debug|Any CPU
		{94C46775-869F-4BE4-8DF4-6952C07F5FB4}.Release|Any CPU.ActiveCfg = Release|Any CPU
		{94C46775-869F-4BE4-8DF4-6952C07F5FB4}.Release|Any CPU.Build.0 = Release|Any CPU
	EndGlobalSection
	GlobalSection(SolutionProperties) = preSolution
		HideSolutionNode = FALSE
	EndGlobalSection
EndGlobal
